
Microsoft Visual Studio Solution File, Format Version 12.00
# Visual Studio Version 17
VisualStudioVersion = 17.4.33403.182
MinimumVisualStudioVersion = 10.0.40219.1
Project("{FAE04EC0-301F-11D3-BF4B-00C04F79EFBC}") = "LocEngDemo", "LocEngDemo\LocEngDemo.csproj", "{CA8F5477-C2D7-4971-9EFE-2A4865D5E2C8}"
EndProject
Global
	GlobalSection(SolutionConfigurationPlatforms) = preSolution
		Debug|Any CPU = Debug|Any CPU
		Release|Any CPU = Release|Any CPU
	EndGlobalSection
	GlobalSection(ProjectConfigurationPlatforms) = postSolution
		{CA8F5477-C2D7-4971-9EFE-2A4865D5E2C8}.Debug|Any CPU.ActiveCfg = Debug|Any CPU
		{CA8F5477-C2D7-4971-9EFE-2A4865D5E2C8}.Debug|Any CPU.Build.0 = Debug|Any CPU
		{CA8F5477-C2D7-4971-9EFE-2A4865D5E2C8}.Release|Any CPU.ActiveCfg = Release|Any CPU
		{CA8F5477-C2D7-4971-9EFE-2A4865D5E2C8}.Release|Any CPU.Build.0 = Release|Any CPU
	EndGlobalSection
	GlobalSection(SolutionProperties) = preSolution
		HideSolutionNode = FALSE
	EndGlobalSection
	GlobalSection(ExtensibilityGlobals) = postSolution
		SolutionGuid = {13023DE1-A611-4A3A-BE73-7C95EFBC4B02}
	EndGlobalSection
EndGlobal
